
Microsoft Visual Studio Solution File, Format Version 12.00
# Visual Studio Version 17
VisualStudioVersion = 17.6.33829.357
MinimumVisualStudioVersion = 10.0.40219.1
Project("{FAE04EC0-301F-11D3-BF4B-00C04F79EFBC}") = "Tribonacci-function", "Tribonacci-function\Tribonacci-function.csproj", "{6A0957B0-7E48-4719-B983-3F8229A57D23}"
EndProject
Global
	GlobalSection(SolutionConfigurationPlatforms) = preSolution
		Debug|Any CPU = Debug|Any CPU
		Release|Any CPU = Release|Any CPU
	EndGlobalSection
	GlobalSection(ProjectConfigurationPlatforms) = postSolution
		{6A0957B0-7E48-4719-B983-3F8229A57D23}.Debug|Any CPU.ActiveCfg = Debug|Any CPU
		{6A0957B0-7E48-4719-B983-3F8229A57D23}.Debug|Any CPU.Build.0 = Debug|Any CPU
		{6A0957B0-7E48-4719-B983-3F8229A57D23}.Release|Any CPU.ActiveCfg = Release|Any CPU
		{6A0957B0-7E48-4719-B983-3F8229A57D23}.Release|Any CPU.Build.0 = Release|Any CPU
	EndGlobalSection
	GlobalSection(SolutionProperties) = preSolution
		HideSolutionNode = FALSE
	EndGlobalSection
	GlobalSection(ExtensibilityGlobals) = postSolution
		SolutionGuid = {CCCD22EB-FDD8-42EB-AD97-9B64CE946F6D}
	EndGlobalSection
EndGlobal
